
Microsoft Visual Studio Solution File, Format Version 12.00
# Visual Studio 2013
VisualStudioVersion = 12.0.21005.1
MinimumVisualStudioVersion = 10.0.40219.1
Project("{FAE04EC0-301F-11D3-BF4B-00C04F79EFBC}") = "FinalProject", "FinalProject\FinalProject.csproj", "{A5DFE6C1-9214-431B-A461-30AF0FAEADA8}"
EndProject
Project("{54435603-DBB4-11D2-8724-00A0C9A8B90C}") = "CaiDat", "CaiDat\CaiDat.vdproj", "{6A3EACD3-99BC-4EE0-845D-6B08198F8C9F}"
EndProject
Global
	GlobalSection(SolutionConfigurationPlatforms) = preSolution
		Debug|Any CPU = Debug|Any CPU
		Release|Any CPU = Release|Any CPU
	EndGlobalSection
	GlobalSection(ProjectConfigurationPlatforms) = postSolution
		{A5DFE6C1-9214-431B-A461-30AF0FAEADA8}.Debug|Any CPU.ActiveCfg = Debug|Any CPU
		{A5DFE6C1-9214-431B-A461-30AF0FAEADA8}.Debug|Any CPU.Build.0 = Debug|Any CPU
		{A5DFE6C1-9214-431B-A461-30AF0FAEADA8}.Release|Any CPU.ActiveCfg = Release|Any CPU
		{A5DFE6C1-9214-431B-A461-30AF0FAEADA8}.Release|Any CPU.Build.0 = Release|Any CPU
		{6A3EACD3-99BC-4EE0-845D-6B08198F8C9F}.Debug|Any CPU.ActiveCfg = Debug
		{6A3EACD3-99BC-4EE0-845D-6B08198F8C9F}.Release|Any CPU.ActiveCfg = Release
	EndGlobalSection
	GlobalSection(SolutionProperties) = preSolution
		HideSolutionNode = FALSE
	EndGlobalSection
EndGlobal
